// !$*UTF8*$!
{
	archiveVersion = 1;
	classes = {
	};
	objectVersion = 50;
	objects = {

/* Begin PBXBuildFile section */
		4658BA0925140D5E000B7CCA /* AppDelegate.swift in Sources */ = {isa = PBXBuildFile; fileRef = 4658BA0825140D5E000B7CCA /* AppDelegate.swift */; };
		4658BA0B25140D5E000B7CCA /* SceneDelegate.swift in Sources */ = {isa = PBXBuildFile; fileRef = 4658BA0A25140D5E000B7CCA /* SceneDelegate.swift */; };
		4658BA0D25140D5E000B7CCA /* ViewController.swift in Sources */ = {isa = PBXBuildFile; fileRef = 4658BA0C25140D5E000B7CCA /* ViewController.swift */; };
		4658BA1025140D5E000B7CCA /* Main.storyboard in Resources */ = {isa = PBXBuildFile; fileRef = 4658BA0E25140D5E000B7CCA /* Main.storyboard */; };
		4658BA1225140D60000B7CCA /* Assets.xcassets in Resources */ = {isa = PBXBuildFile; fileRef = 4658BA1125140D60000B7CCA /* Assets.xcassets */; };
		4658BA1525140D60000B7CCA /* LaunchScreen.storyboard in Resources */ = {isa = PBXBuildFile; fileRef = 4658BA1325140D60000B7CCA /* LaunchScreen.storyboard */; };
		4658BA2025140D61000B7CCA /* Take_a_BreakTests.swift in Sources */ = {isa = PBXBuildFile; fileRef = 4658BA1F25140D61000B7CCA /* Take_a_BreakTests.swift */; };
		4658BA2B25140D61000B7CCA /* Take_a_BreakUITests.swift in Sources */ = {isa = PBXBuildFile; fileRef = 4658BA2A25140D61000B7CCA /* Take_a_BreakUITests.swift */; };
/* End PBXBuildFile section */

/* Begin PBXContainerItemProxy section */
		4658BA1C25140D61000B7CCA /* PBXContainerItemProxy */ = {
			isa = PBXContainerItemProxy;
			containerPortal = 4658B9FD25140D5E000B7CCA /* Project object */;
			proxyType = 1;
			remoteGlobalIDString = 4658BA0425140D5E000B7CCA;
			remoteInfo = "Take a Break";
		};
		4658BA2725140D61000B7CCA /* PBXContainerItemProxy */ = {
			isa = PBXContainerItemProxy;
			containerPortal = 4658B9FD25140D5E000B7CCA /* Project object */;
			proxyType = 1;
			remoteGlobalIDString = 4658BA0425140D5E000B7CCA;
			remoteInfo = "Take a Break";
		};
/* End PBXContainerItemProxy section */

/* Begin PBXFileReference section */
		4658BA0525140D5E000B7CCA /* Take a Break.app */ = {isa = PBXFileReference; explicitFileType = wrapper.application; includeInIndex = 0; path = "Take a Break.app"; sourceTree = BUILT_PRODUCTS_DIR; };
		4658BA0825140D5E000B7CCA /* AppDelegate.swift */ = {isa = PBXFileReference; lastKnownFileType = sourcecode.swift; path = AppDelegate.swift; sourceTree = "<group>"; };
		4658BA0A25140D5E000B7CCA /* SceneDelegate.swift */ = {isa = PBXFileReference; lastKnownFileType = sourcecode.swift; path = SceneDelegate.swift; sourceTree = "<group>"; };
		4658BA0C25140D5E000B7CCA /* ViewController.swift */ = {isa = PBXFileReference; lastKnownFileType = sourcecode.swift; path = ViewController.swift; sourceTree = "<group>"; };
		4658BA0F25140D5E000B7CCA /* Base */ = {isa = PBXFileReference; lastKnownFileType = file.storyboard; name = Base; path = Base.lproj/Main.storyboard; sourceTree = "<group>"; };
		4658BA1125140D60000B7CCA /* Assets.xcassets */ = {isa = PBXFileReference; lastKnownFileType = folder.assetcatalog; path = Assets.xcassets; sourceTree = "<group>"; };
		4658BA1425140D60000B7CCA /* Base */ = {isa = PBXFileReference; lastKnownFileType = file.storyboard; name = Base; path = Base.lproj/LaunchScreen.storyboard; sourceTree = "<group>"; };
		4658BA1625140D60000B7CCA /* Info.plist */ = {isa = PBXFileReference; lastKnownFileType = text.plist.xml; path = Info.plist; sourceTree = "<group>"; };
		4658BA1B25140D61000B7CCA /* Take a BreakTests.xctest */ = {isa = PBXFileReference; explicitFileType = wrapper.cfbundle; includeInIndex = 0; path = "Take a BreakTests.xctest"; sourceTree = BUILT_PRODUCTS_DIR; };
		4658BA1F25140D61000B7CCA /* Take_a_BreakTests.swift */ = {isa = PBXFileReference; lastKnownFileType = sourcecode.swift; path = Take_a_BreakTests.swift; sourceTree = "<group>"; };
		4658BA2125140D61000B7CCA /* Info.plist */ = {isa = PBXFileReference; lastKnownFileType = text.plist.xml; path = Info.plist; sourceTree = "<group>"; };
		4658BA2625140D61000B7CCA /* Take a BreakUITests.xctest */ = {isa = PBXFileReference; explicitFileType = wrapper.cfbundle; includeInIndex = 0; path = "Take a BreakUITests.xctest"; sourceTree = BUILT_PRODUCTS_DIR; };
		4658BA2A25140D61000B7CCA /* Take_a_BreakUITests.swift */ = {isa = PBXFileReference; lastKnownFileType = sourcecode.swift; path = Take_a_BreakUITests.swift; sourceTree = "<group>"; };
		4658BA2C25140D61000B7CCA /* Info.plist */ = {isa = PBXFileReference; lastKnownFileType = text.plist.xml; path = Info.plist; sourceTree = "<group>"; };
/* End PBXFileReference section */

/* Begin PBXFrameworksBuildPhase section */
		4658BA0225140D5E000B7CCA /* Frameworks */ = {
			isa = PBXFrameworksBuildPhase;
			buildActionMask = 2147483647;
			files = (
			);
			runOnlyForDeploymentPostprocessing = 0;
		};
		4658BA1825140D61000B7CCA /* Frameworks */ = {
			isa = PBXFrameworksBuildPhase;
			buildActionMask = 2147483647;
			files = (
			);
			runOnlyForDeploymentPostprocessing = 0;
		};
		4658BA2325140D61000B7CCA /* Frameworks */ = {
			isa = PBXFrameworksBuildPhase;
			buildActionMask = 2147483647;
			files = (
			);
			runOnlyForDeploymentPostprocessing = 0;
		};
/* End PBXFrameworksBuildPhase section */

/* Begin PBXGroup section */
		4658B9FC25140D5E000B7CCA = {
			isa = PBXGroup;
			children = (
				4658BA0725140D5E000B7CCA /* Take a Break */,
				4658BA1E25140D61000B7CCA /* Take a BreakTests */,
				4658BA2925140D61000B7CCA /* Take a BreakUITests */,
				4658BA0625140D5E000B7CCA /* Products */,
			);
			sourceTree = "<group>";
		};
		4658BA0625140D5E000B7CCA /* Products */ = {
			isa = PBXGroup;
			children = (
				4658BA0525140D5E000B7CCA /* Take a Break.app */,
				4658BA1B25140D61000B7CCA /* Take a BreakTests.xctest */,
				4658BA2625140D61000B7CCA /* Take a BreakUITests.xctest */,
			);
			name = Products;
			sourceTree = "<group>";
		};
		4658BA0725140D5E000B7CCA /* Take a Break */ = {
			isa = PBXGroup;
			children = (
				4658BA0825140D5E000B7CCA /* AppDelegate.swift */,
				4658BA0A25140D5E000B7CCA /* SceneDelegate.swift */,
				4658BA0C25140D5E000B7CCA /* ViewController.swift */,
				4658BA0E25140D5E000B7CCA /* Main.storyboard */,
				4658BA1125140D60000B7CCA /* Assets.xcassets */,
				4658BA1325140D60000B7CCA /* LaunchScreen.storyboard */,
				4658BA1625140D60000B7CCA /* Info.plist */,
			);
			path = "Take a Break";
			sourceTree = "<group>";
		};
		4658BA1E25140D61000B7CCA /* Take a BreakTests */ = {
			isa = PBXGroup;
			children = (
				4658BA1F25140D61000B7CCA /* Take_a_BreakTests.swift */,
				4658BA2125140D61000B7CCA /* Info.plist */,
			);
			path = "Take a BreakTests";
			sourceTree = "<group>";
		};
		4658BA2925140D61000B7CCA /* Take a BreakUITests */ = {
			isa = PBXGroup;
			children = (
				4658BA2A25140D61000B7CCA /* Take_a_BreakUITests.swift */,
				4658BA2C25140D61000B7CCA /* Info.plist */,
			);
			path = "Take a BreakUITests";
			sourceTree = "<group>";
		};
/* End PBXGroup section */

/* Begin PBXNativeTarget section */
		4658BA0425140D5E000B7CCA /* Take a Break */ = {
			isa = PBXNativeTarget;
			buildConfigurationList = 4658BA2F25140D61000B7CCA /* Build configuration list for PBXNativeTarget "Take a Break" */;
			buildPhases = (
				4658BA0125140D5E000B7CCA /* Sources */,
				4658BA0225140D5E000B7CCA /* Frameworks */,
				4658BA0325140D5E000B7CCA /* Resources */,
			);
			buildRules = (
			);
			dependencies = (
			);
			name = "Take a Break";
			productName = "Take a Break";
			productReference = 4658BA0525140D5E000B7CCA /* Take a Break.app */;
			productType = "com.apple.product-type.application";
		};
		4658BA1A25140D61000B7CCA /* Take a BreakTests */ = {
			isa = PBXNativeTarget;
			buildConfigurationList = 4658BA3225140D61000B7CCA /* Build configuration list for PBXNativeTarget "Take a BreakTests" */;
			buildPhases = (
				4658BA1725140D61000B7CCA /* Sources */,
				4658BA1825140D61000B7CCA /* Frameworks */,
				4658BA1925140D61000B7CCA /* Resources */,
			);
			buildRules = (
			);
			dependencies = (
				4658BA1D25140D61000B7CCA /* PBXTargetDependency */,
			);
			name = "Take a BreakTests";
			productName = "Take a BreakTests";
			productReference = 4658BA1B25140D61000B7CCA /* Take a BreakTests.xctest */;
			productType = "com.apple.product-type.bundle.unit-test";
		};
		4658BA2525140D61000B7CCA /* Take a BreakUITests */ = {
			isa = PBXNativeTarget;
			buildConfigurationList = 4658BA3525140D61000B7CCA /* Build configuration list for PBXNativeTarget "Take a BreakUITests" */;
			buildPhases = (
				4658BA2225140D61000B7CCA /* Sources */,
				4658BA2325140D61000B7CCA /* Frameworks */,
				4658BA2425140D61000B7CCA /* Resources */,
			);
			buildRules = (
			);
			dependencies = (
				4658BA2825140D61000B7CCA /* PBXTargetDependency */,
			);
			name = "Take a BreakUITests";
			productName = "Take a BreakUITests";
			productReference = 4658BA2625140D61000B7CCA /* Take a BreakUITests.xctest */;
			productType = "com.apple.product-type.bundle.ui-testing";
		};
/* End PBXNativeTarget section */

/* Begin PBXProject section */
		4658B9FD25140D5E000B7CCA /* Project object */ = {
			isa = PBXProject;
			attributes = {
				LastSwiftUpdateCheck = 1170;
				LastUpgradeCheck = 1170;
				ORGANIZATIONNAME = "Nelson Tejeda";
				TargetAttributes = {
					4658BA0425140D5E000B7CCA = {
						CreatedOnToolsVersion = 11.7;
					};
					4658BA1A25140D61000B7CCA = {
						CreatedOnToolsVersion = 11.7;
						TestTargetID = 4658BA0425140D5E000B7CCA;
					};
					4658BA2525140D61000B7CCA = {
						CreatedOnToolsVersion = 11.7;
						TestTargetID = 4658BA0425140D5E000B7CCA;
					};
				};
			};
			buildConfigurationList = 4658BA0025140D5E000B7CCA /* Build configuration list for PBXProject "Take a Break" */;
			compatibilityVersion = "Xcode 9.3";
			developmentRegion = en;
			hasScannedForEncodings = 0;
			knownRegions = (
				en,
				Base,
			);
			mainGroup = 4658B9FC25140D5E000B7CCA;
			productRefGroup = 4658BA0625140D5E000B7CCA /* Products */;
			projectDirPath = "";
			projectRoot = "";
			targets = (
				4658BA0425140D5E000B7CCA /* Take a Break */,
				4658BA1A25140D61000B7CCA /* Take a BreakTests */,
				4658BA2525140D61000B7CCA /* Take a BreakUITests */,
			);
		};
/* End PBXProject section */

/* Begin PBXResourcesBuildPhase section */
		4658BA0325140D5E000B7CCA /* Resources */ = {
			isa = PBXResourcesBuildPhase;
			buildActionMask = 2147483647;
			files = (
				4658BA1525140D60000B7CCA /* LaunchScreen.storyboard in Resources */,
				4658BA1225140D60000B7CCA /* Assets.xcassets in Resources */,
				4658BA1025140D5E000B7CCA /* Main.storyboard in Resources */,
			);
			runOnlyForDeploymentPostprocessing = 0;
		};
		4658BA1925140D61000B7CCA /* Resources */ = {
			isa = PBXResourcesBuildPhase;
			buildActionMask = 2147483647;
			files = (
			);
			runOnlyForDeploymentPostprocessing = 0;
		};
		4658BA2425140D61000B7CCA /* Resources */ = {
			isa = PBXResourcesBuildPhase;
			buildActionMask = 2147483647;
			files = (
			);
			runOnlyForDeploymentPostprocessing = 0;
		};
/* End PBXResourcesBuildPhase section */

/* Begin PBXSourcesBuildPhase section */
		4658BA0125140D5E000B7CCA /* Sources */ = {
			isa = PBXSourcesBuildPhase;
			buildActionMask = 2147483647;
			files = (
				4658BA0D25140D5E000B7CCA /* ViewController.swift in Sources */,
				4658BA0925140D5E000B7CCA /* AppDelegate.swift in Sources */,
				4658BA0B25140D5E000B7CCA /* SceneDelegate.swift in Sources */,
			);
			runOnlyForDeploymentPostprocessing = 0;
		};
		4658BA1725140D61000B7CCA /* Sources */ = {
			isa = PBXSourcesBuildPhase;
			buildActionMask = 2147483647;
			files = (
				4658BA2025140D61000B7CCA /* Take_a_BreakTests.swift in Sources */,
			);
			runOnlyForDeploymentPostprocessing = 0;
		};
		4658BA2225140D61000B7CCA /* Sources */ = {
			isa = PBXSourcesBuildPhase;
			buildActionMask = 2147483647;
			files = (
				4658BA2B25140D61000B7CCA /* Take_a_BreakUITests.swift in Sources */,
			);
			runOnlyForDeploymentPostprocessing = 0;
		};
/* End PBXSourcesBuildPhase section */

/* Begin PBXTargetDependency section */
		4658BA1D25140D61000B7CCA /* PBXTargetDependency */ = {
			isa = PBXTargetDependency;
			target = 4658BA0425140D5E000B7CCA /* Take a Break */;
			targetProxy = 4658BA1C25140D61000B7CCA /* PBXContainerItemProxy */;
		};
		4658BA2825140D61000B7CCA /* PBXTargetDependency */ = {
			isa = PBXTargetDependency;
			target = 4658BA0425140D5E000B7CCA /* Take a Break */;
			targetProxy = 4658BA2725140D61000B7CCA /* PBXContainerItemProxy */;
		};
/* End PBXTargetDependency section */

/* Begin PBXVariantGroup section */
		4658BA0E25140D5E000B7CCA /* Main.storyboard */ = {
			isa = PBXVariantGroup;
			children = (
				4658BA0F25140D5E000B7CCA /* Base */,
			);
			name = Main.storyboard;
			sourceTree = "<group>";
		};
		4658BA1325140D60000B7CCA /* LaunchScreen.storyboard */ = {
			isa = PBXVariantGroup;
			children = (
				4658BA1425140D60000B7CCA /* Base */,
			);
			name = LaunchScreen.storyboard;
			sourceTree = "<group>";
		};
/* End PBXVariantGroup section */

/* Begin XCBuildConfiguration section */
		4658BA2D25140D61000B7CCA /* Debug */ = {
			isa = XCBuildConfiguration;
			buildSettings = {
				ALWAYS_SEARCH_USER_PATHS = NO;
				CLANG_ANALYZER_NONNULL = YES;
				CLANG_ANALYZER_NUMBER_OBJECT_CONVERSION = YES_AGGRESSIVE;
				CLANG_CXX_LANGUAGE_STANDARD = "gnu++14";
				CLANG_CXX_LIBRARY = "libc++";
				CLANG_ENABLE_MODULES = YES;
				CLANG_ENABLE_OBJC_ARC = YES;
				CLANG_ENABLE_OBJC_WEAK = YES;
				CLANG_WARN_BLOCK_CAPTURE_AUTORELEASING = YES;
				CLANG_WARN_BOOL_CONVERSION = YES;
				CLANG_WARN_COMMA = YES;
				CLANG_WARN_CONSTANT_CONVERSION = YES;
				CLANG_WARN_DEPRECATED_OBJC_IMPLEMENTATIONS = YES;
				CLANG_WARN_DIRECT_OBJC_ISA_USAGE = YES_ERROR;
				CLANG_WARN_DOCUMENTATION_COMMENTS = YES;
				CLANG_WARN_EMPTY_BODY = YES;
				CLANG_WARN_ENUM_CONVERSION = YES;
				CLANG_WARN_INFINITE_RECURSION = YES;
				CLANG_WARN_INT_CONVERSION = YES;
				CLANG_WARN_NON_LITERAL_NULL_CONVERSION = YES;
				CLANG_WARN_OBJC_IMPLICIT_RETAIN_SELF = YES;
				CLANG_WARN_OBJC_LITERAL_CONVERSION = YES;
				CLANG_WARN_OBJC_ROOT_CLASS = YES_ERROR;
				CLANG_WARN_RANGE_LOOP_ANALYSIS = YES;
				CLANG_WARN_STRICT_PROTOTYPES = YES;
				CLANG_WARN_SUSPICIOUS_MOVE = YES;
				CLANG_WARN_UNGUARDED_AVAILABILITY = YES_AGGRESSIVE;
				CLANG_WARN_UNREACHABLE_CODE = YES;
				CLANG_WARN__DUPLICATE_METHOD_MATCH = YES;
				COPY_PHASE_STRIP = NO;
				DEBUG_INFORMATION_FORMAT = dwarf;
				ENABLE_STRICT_OBJC_MSGSEND = YES;
				ENABLE_TESTABILITY = YES;
				GCC_C_LANGUAGE_STANDARD = gnu11;
				GCC_DYNAMIC_NO_PIC = NO;
				GCC_NO_COMMON_BLOCKS = YES;
				GCC_OPTIMIZATION_LEVEL = 0;
				GCC_PREPROCESSOR_DEFINITIONS = (
					"DEBUG=1",
					"$(inherited)",
				);
				GCC_WARN_64_TO_32_BIT_CONVERSION = YES;
				GCC_WARN_ABOUT_RETURN_TYPE = YES_ERROR;
				GCC_WARN_UNDECLARED_SELECTOR = YES;
				GCC_WARN_UNINITIALIZED_AUTOS = YES_AGGRESSIVE;
				GCC_WARN_UNUSED_FUNCTION = YES;
				GCC_WARN_UNUSED_VARIABLE = YES;
				IPHONEOS_DEPLOYMENT_TARGET = 13.7;
				MTL_ENABLE_DEBUG_INFO = INCLUDE_SOURCE;
				MTL_FAST_MATH = YES;
				ONLY_ACTIVE_ARCH = YES;
				SDKROOT = iphoneos;
				SWIFT_ACTIVE_COMPILATION_CONDITIONS = DEBUG;
				SWIFT_OPTIMIZATION_LEVEL = "-Onone";
			};
			name = Debug;
		};
		4658BA2E25140D61000B7CCA /* Release */ = {
			isa = XCBuildConfiguration;
			buildSettings = {
				ALWAYS_SEARCH_USER_PATHS = NO;
				CLANG_ANALYZER_NONNULL = YES;
				CLANG_ANALYZER_NUMBER_OBJECT_CONVERSION = YES_AGGRESSIVE;
				CLANG_CXX_LANGUAGE_STANDARD = "gnu++14";
				CLANG_CXX_LIBRARY = "libc++";
				CLANG_ENABLE_MODULES = YES;
				CLANG_ENABLE_OBJC_ARC = YES;
				CLANG_ENABLE_OBJC_WEAK = YES;
				CLANG_WARN_BLOCK_CAPTURE_AUTORELEASING = YES;
				CLANG_WARN_BOOL_CONVERSION = YES;
				CLANG_WARN_COMMA = YES;
				CLANG_WARN_CONSTANT_CONVERSION = YES;
				CLANG_WARN_DEPRECATED_OBJC_IMPLEMENTATIONS = YES;
				CLANG_WARN_DIRECT_OBJC_ISA_USAGE = YES_ERROR;
				CLANG_WARN_DOCUMENTATION_COMMENTS = YES;
				CLANG_WARN_EMPTY_BODY = YES;
				CLANG_WARN_ENUM_CONVERSION = YES;
				CLANG_WARN_INFINITE_RECURSION = YES;
				CLANG_WARN_INT_CONVERSION = YES;
				CLANG_WARN_NON_LITERAL_NULL_CONVERSION = YES;
				CLANG_WARN_OBJC_IMPLICIT_RETAIN_SELF = YES;
				CLANG_WARN_OBJC_LITERAL_CONVERSION = YES;
				CLANG_WARN_OBJC_ROOT_CLASS = YES_ERROR;
				CLANG_WARN_RANGE_LOOP_ANALYSIS = YES;
				CLANG_WARN_STRICT_PROTOTYPES = YES;
				CLANG_WARN_SUSPICIOUS_MOVE = YES;
				CLANG_WARN_UNGUARDED_AVAILABILITY = YES_AGGRESSIVE;
				CLANG_WARN_UNREACHABLE_CODE = YES;
				CLANG_WARN__DUPLICATE_METHOD_MATCH = YES;
				COPY_PHASE_STRIP = NO;
				DEBUG_INFORMATION_FORMAT = "dwarf-with-dsym";
				ENABLE_NS_ASSERTIONS = NO;
				ENABLE_STRICT_OBJC_MSGSEND = YES;
				GCC_C_LANGUAGE_STANDARD = gnu11;
				GCC_NO_COMMON_BLOCKS = YES;
				GCC_WARN_64_TO_32_BIT_CONVERSION = YES;
				GCC_WARN_ABOUT_RETURN_TYPE = YES_ERROR;
				GCC_WARN_UNDECLARED_SELECTOR = YES;
				GCC_WARN_UNINITIALIZED_AUTOS = YES_AGGRESSIVE;
				GCC_WARN_UNUSED_FUNCTION = YES;
				GCC_WARN_UNUSED_VARIABLE = YES;
				IPHONEOS_DEPLOYMENT_TARGET = 13.7;
				MTL_ENABLE_DEBUG_INFO = NO;
				MTL_FAST_MATH = YES;
				SDKROOT = iphoneos;
				SWIFT_COMPILATION_MODE = wholemodule;
				SWIFT_OPTIMIZATION_LEVEL = "-O";
				VALIDATE_PRODUCT = YES;
			};
			name = Release;
		};
		4658BA3025140D61000B7CCA /* Debug */ = {
			isa = XCBuildConfiguration;
			buildSettings = {
				ASSETCATALOG_COMPILER_APPICON_NAME = AppIcon;
				CODE_SIGN_STYLE = Automatic;
				INFOPLIST_FILE = "Take a Break/Info.plist";
				LD_RUNPATH_SEARCH_PATHS = (
					"$(inherited)",
					"@executable_path/Frameworks",
				);
				PRODUCT_BUNDLE_IDENTIFIER = "com.blank.Take-a-Break";
				PRODUCT_NAME = "$(TARGET_NAME)";
				SWIFT_VERSION = 5.0;
				TARGETED_DEVICE_FAMILY = "1,2";
			};
			name = Debug;
		};
		4658BA3125140D61000B7CCA /* Release */ = {
			isa = XCBuildConfiguration;
			buildSettings = {
				ASSETCATALOG_COMPILER_APPICON_NAME = AppIcon;
				CODE_SIGN_STYLE = Automatic;
				INFOPLIST_FILE = "Take a Break/Info.plist";
				LD_RUNPATH_SEARCH_PATHS = (
					"$(inherited)",
					"@executable_path/Frameworks",
				);
				PRODUCT_BUNDLE_IDENTIFIER = "com.blank.Take-a-Break";
				PRODUCT_NAME = "$(TARGET_NAME)";
				SWIFT_VERSION = 5.0;
				TARGETED_DEVICE_FAMILY = "1,2";
			};
			name = Release;
		};
		4658BA3325140D61000B7CCA /* Debug */ = {
			isa = XCBuildConfiguration;
			buildSettings = {
				ALWAYS_EMBED_SWIFT_STANDARD_LIBRARIES = YES;
				BUNDLE_LOADER = "$(TEST_HOST)";
				CODE_SIGN_STYLE = Automatic;
				INFOPLIST_FILE = "Take a BreakTests/Info.plist";
				IPHONEOS_DEPLOYMENT_TARGET = 13.7;
				LD_RUNPATH_SEARCH_PATHS = (
					"$(inherited)",
					"@executable_path/Frameworks",
					"@loader_path/Frameworks",
				);
				PRODUCT_BUNDLE_IDENTIFIER = "com.blank.Take-a-BreakTests";
				PRODUCT_NAME = "$(TARGET_NAME)";
				SWIFT_VERSION = 5.0;
				TARGETED_DEVICE_FAMILY = "1,2";
				TEST_HOST = "$(BUILT_PRODUCTS_DIR)/Take a Break.app/Take a Break";
			};
			name = Debug;
		};
		4658BA3425140D61000B7CCA /* Release */ = {
			isa = XCBuildConfiguration;
			buildSettings = {
				ALWAYS_EMBED_SWIFT_STANDARD_LIBRARIES = YES;
				BUNDLE_LOADER = "$(TEST_HOST)";
				CODE_SIGN_STYLE = Automatic;
				INFOPLIST_FILE = "Take a BreakTests/Info.plist";
				IPHONEOS_DEPLOYMENT_TARGET = 13.7;
				LD_RUNPATH_SEARCH_PATHS = (
					"$(inherited)",
					"@executable_path/Frameworks",
					"@loader_path/Frameworks",
				);
				PRODUCT_BUNDLE_IDENTIFIER = "com.blank.Take-a-BreakTests";
				PRODUCT_NAME = "$(TARGET_NAME)";
				SWIFT_VERSION = 5.0;
				TARGETED_DEVICE_FAMILY = "1,2";
				TEST_HOST = "$(BUILT_PRODUCTS_DIR)/Take a Break.app/Take a Break";
			};
			name = Release;
		};
		4658BA3625140D61000B7CCA /* Debug */ = {
			isa = XCBuildConfiguration;
			buildSettings = {
				ALWAYS_EMBED_SWIFT_STANDARD_LIBRARIES = YES;
				CODE_SIGN_STYLE = Automatic;
				INFOPLIST_FILE = "Take a BreakUITests/Info.plist";
				LD_RUNPATH_SEARCH_PATHS = (
					"$(inherited)",
					"@executable_path/Frameworks",
					"@loader_path/Frameworks",
				);
				PRODUCT_BUNDLE_IDENTIFIER = "com.blank.Take-a-BreakUITests";
				PRODUCT_NAME = "$(TARGET_NAME)";
				SWIFT_VERSION = 5.0;
				TARGETED_DEVICE_FAMILY = "1,2";
				TEST_TARGET_NAME = "Take a Break";
			};
			name = Debug;
		};
		4658BA3725140D61000B7CCA /* Release */ = {
			isa = XCBuildConfiguration;
			buildSettings = {
				ALWAYS_EMBED_SWIFT_STANDARD_LIBRARIES = YES;
				CODE_SIGN_STYLE = Automatic;
				INFOPLIST_FILE = "Take a BreakUITests/Info.plist";
				LD_RUNPATH_SEARCH_PATHS = (
					"$(inherited)",
					"@executable_path/Frameworks",
					"@loader_path/Frameworks",
				);
				PRODUCT_BUNDLE_IDENTIFIER = "com.blank.Take-a-BreakUITests";
				PRODUCT_NAME = "$(TARGET_NAME)";
				SWIFT_VERSION = 5.0;
				TARGETED_DEVICE_FAMILY = "1,2";
				TEST_TARGET_NAME = "Take a Break";
			};
			name = Release;
		};
/* End XCBuildConfiguration section */

/* Begin XCConfigurationList section */
		4658BA0025140D5E000B7CCA /* Build configuration list for PBXProject "Take a Break" */ = {
			isa = XCConfigurationList;
			buildConfigurations = (
				4658BA2D25140D61000B7CCA /* Debug */,
				4658BA2E25140D61000B7CCA /* Release */,
			);
			defaultConfigurationIsVisible = 0;
			defaultConfigurationName = Release;
		};
		4658BA2F25140D61000B7CCA /* Build configuration list for PBXNativeTarget "Take a Break" */ = {
			isa = XCConfigurationList;
			buildConfigurations = (
				4658BA3025140D61000B7CCA /* Debug */,
				4658BA3125140D61000B7CCA /* Release */,
			);
			defaultConfigurationIsVisible = 0;
			defaultConfigurationName = Release;
		};
		4658BA3225140D61000B7CCA /* Build configuration list for PBXNativeTarget "Take a BreakTests" */ = {
			isa = XCConfigurationList;
			buildConfigurations = (
				4658BA3325140D61000B7CCA /* Debug */,
				4658BA3425140D61000B7CCA /* Release */,
			);
			defaultConfigurationIsVisible = 0;
			defaultConfigurationName = Release;
		};
		4658BA3525140D61000B7CCA /* Build configuration list for PBXNativeTarget "Take a BreakUITests" */ = {
			isa = XCConfigurationList;
			buildConfigurations = (
				4658BA3625140D61000B7CCA /* Debug */,
				4658BA3725140D61000B7CCA /* Release */,
			);
			defaultConfigurationIsVisible = 0;
			defaultConfigurationName = Release;
		};
/* End XCConfigurationList section */
	};
	rootObject = 4658B9FD25140D5E000B7CCA /* Project object */;
}
